
Microsoft Visual Studio Solution File, Format Version 12.00
# Visual Studio Version 17
VisualStudioVersion = 17.12.35728.132
MinimumVisualStudioVersion = 10.0.40219.1
Project("{FAE04EC0-301F-11D3-BF4B-00C04F79EFBC}") = "MimePart2Pdf", "MimePart2Pdf\MimePart2Pdf.csproj", "{D93A802A-2709-4781-B536-700ABCA34A1D}"
EndProject
Project("{FAE04EC0-301F-11D3-BF4B-00C04F79EFBC}") = "Eml2PdfWinApp", "Eml2PdfWinApp\Eml2PdfWinApp.csproj", "{3B67B712-8408-4F5C-B40E-66F255A61EC7}"
EndProject
Project("{FAE04EC0-301F-11D3-BF4B-00C04F79EFBC}") = "EmlFastDecoder", "EmlFastDecoder\EmlFastDecoder.csproj", "{7457C78E-ABB7-455C-9BAE-46040997C2B4}"
EndProject
Project("{FAE04EC0-301F-11D3-BF4B-00C04F79EFBC}") = "Eml2MimePart", "Eml2MimePart\Eml2MimePart.csproj", "{6E7CB274-7632-4D7D-B3CC-4EDE7AFEB6A9}"
EndProject
Global
	GlobalSection(SolutionConfigurationPlatforms) = preSolution
		Debug|Any CPU = Debug|Any CPU
		Release|Any CPU = Release|Any CPU
	EndGlobalSection
	GlobalSection(ProjectConfigurationPlatforms) = postSolution
		{D93A802A-2709-4781-B536-700ABCA34A1D}.Debug|Any CPU.ActiveCfg = Debug|Any CPU
		{D93A802A-2709-4781-B536-700ABCA34A1D}.Debug|Any CPU.Build.0 = Debug|Any CPU
		{D93A802A-2709-4781-B536-700ABCA34A1D}.Release|Any CPU.ActiveCfg = Release|Any CPU
		{D93A802A-2709-4781-B536-700ABCA34A1D}.Release|Any CPU.Build.0 = Release|Any CPU
		{3B67B712-8408-4F5C-B40E-66F255A61EC7}.Debug|Any CPU.ActiveCfg = Debug|Any CPU
		{3B67B712-8408-4F5C-B40E-66F255A61EC7}.Debug|Any CPU.Build.0 = Debug|Any CPU
		{3B67B712-8408-4F5C-B40E-66F255A61EC7}.Release|Any CPU.ActiveCfg = Release|Any CPU
		{3B67B712-8408-4F5C-B40E-66F255A61EC7}.Release|Any CPU.Build.0 = Release|Any CPU
		{7457C78E-ABB7-455C-9BAE-46040997C2B4}.Debug|Any CPU.ActiveCfg = Debug|Any CPU
		{7457C78E-ABB7-455C-9BAE-46040997C2B4}.Debug|Any CPU.Build.0 = Debug|Any CPU
		{7457C78E-ABB7-455C-9BAE-46040997C2B4}.Release|Any CPU.ActiveCfg = Release|Any CPU
		{7457C78E-ABB7-455C-9BAE-46040997C2B4}.Release|Any CPU.Build.0 = Release|Any CPU
		{6E7CB274-7632-4D7D-B3CC-4EDE7AFEB6A9}.Debug|Any CPU.ActiveCfg = Debug|Any CPU
		{6E7CB274-7632-4D7D-B3CC-4EDE7AFEB6A9}.Debug|Any CPU.Build.0 = Debug|Any CPU
		{6E7CB274-7632-4D7D-B3CC-4EDE7AFEB6A9}.Release|Any CPU.ActiveCfg = Release|Any CPU
		{6E7CB274-7632-4D7D-B3CC-4EDE7AFEB6A9}.Release|Any CPU.Build.0 = Release|Any CPU
	EndGlobalSection
	GlobalSection(SolutionProperties) = preSolution
		HideSolutionNode = FALSE
	EndGlobalSection
EndGlobal
